
Microsoft Visual Studio Solution File, Format Version 12.00
# Visual Studio 2013
VisualStudioVersion = 12.0.21005.1
MinimumVisualStudioVersion = 10.0.40219.1
Project("{FAE04EC0-301F-11D3-BF4B-00C04F79EFBC}") = "WeavR", "src\WeavR\WeavR.csproj", "{5B822908-9A52-4C81-9C8B-2FA0470CCBA3}"
EndProject
Project("{FAE04EC0-301F-11D3-BF4B-00C04F79EFBC}") = "WeavR.Tasks", "src\WeavR.Tasks\WeavR.Tasks.csproj", "{3F6BC6F8-089C-4444-A724-990A018DC848}"
EndProject
Project("{FAE04EC0-301F-11D3-BF4B-00C04F79EFBC}") = "NuGet", "src\NuGet\NuGet.csproj", "{3256039F-7330-4736-9460-987760DC7FF8}"
EndProject
Project("{FAE04EC0-301F-11D3-BF4B-00C04F79EFBC}") = "WeavR.Tasks.Tests", "src\WeavR.Tasks.Tests\WeavR.Tasks.Tests.csproj", "{1EC9F287-590F-495E-B293-D49EF00B159F}"
EndProject
Project("{FAE04EC0-301F-11D3-BF4B-00C04F79EFBC}") = "WeavR.Base", "src\WeavR.Base\WeavR.Base.csproj", "{FE2F9D70-5FE1-431A-9944-FE9367A544E5}"
EndProject
Project("{FAE04EC0-301F-11D3-BF4B-00C04F79EFBC}") = "WeavR.Common", "src\WeavR.Common\WeavR.Common.csproj", "{9EDB8911-588C-4E85-A083-DAF7D7D4C3B5}"
EndProject
Global
	GlobalSection(SolutionConfigurationPlatforms) = preSolution
		CompilerOnly|Any CPU = CompilerOnly|Any CPU
		Debug|Any CPU = Debug|Any CPU
		NightlyDebug|Any CPU = NightlyDebug|Any CPU
		NightlyRelease|Any CPU = NightlyRelease|Any CPU
		Release|Any CPU = Release|Any CPU
	EndGlobalSection
	GlobalSection(ProjectConfigurationPlatforms) = postSolution
		{5B822908-9A52-4C81-9C8B-2FA0470CCBA3}.CompilerOnly|Any CPU.ActiveCfg = Release|Any CPU
		{5B822908-9A52-4C81-9C8B-2FA0470CCBA3}.CompilerOnly|Any CPU.Build.0 = Release|Any CPU
		{5B822908-9A52-4C81-9C8B-2FA0470CCBA3}.Debug|Any CPU.ActiveCfg = Debug|Any CPU
		{5B822908-9A52-4C81-9C8B-2FA0470CCBA3}.Debug|Any CPU.Build.0 = Debug|Any CPU
		{5B822908-9A52-4C81-9C8B-2FA0470CCBA3}.NightlyDebug|Any CPU.ActiveCfg = Debug|Any CPU
		{5B822908-9A52-4C81-9C8B-2FA0470CCBA3}.NightlyDebug|Any CPU.Build.0 = Debug|Any CPU
		{5B822908-9A52-4C81-9C8B-2FA0470CCBA3}.NightlyRelease|Any CPU.ActiveCfg = Release|Any CPU
		{5B822908-9A52-4C81-9C8B-2FA0470CCBA3}.NightlyRelease|Any CPU.Build.0 = Release|Any CPU
		{5B822908-9A52-4C81-9C8B-2FA0470CCBA3}.Release|Any CPU.ActiveCfg = Release|Any CPU
		{5B822908-9A52-4C81-9C8B-2FA0470CCBA3}.Release|Any CPU.Build.0 = Release|Any CPU
		{3F6BC6F8-089C-4444-A724-990A018DC848}.CompilerOnly|Any CPU.ActiveCfg = Release|Any CPU
		{3F6BC6F8-089C-4444-A724-990A018DC848}.CompilerOnly|Any CPU.Build.0 = Release|Any CPU
		{3F6BC6F8-089C-4444-A724-990A018DC848}.Debug|Any CPU.ActiveCfg = Debug|Any CPU
		{3F6BC6F8-089C-4444-A724-990A018DC848}.Debug|Any CPU.Build.0 = Debug|Any CPU
		{3F6BC6F8-089C-4444-A724-990A018DC848}.NightlyDebug|Any CPU.ActiveCfg = Debug|Any CPU
		{3F6BC6F8-089C-4444-A724-990A018DC848}.NightlyDebug|Any CPU.Build.0 = Debug|Any CPU
		{3F6BC6F8-089C-4444-A724-990A018DC848}.NightlyRelease|Any CPU.ActiveCfg = Release|Any CPU
		{3F6BC6F8-089C-4444-A724-990A018DC848}.NightlyRelease|Any CPU.Build.0 = Release|Any CPU
		{3F6BC6F8-089C-4444-A724-990A018DC848}.Release|Any CPU.ActiveCfg = Release|Any CPU
		{3F6BC6F8-089C-4444-A724-990A018DC848}.Release|Any CPU.Build.0 = Release|Any CPU
		{3256039F-7330-4736-9460-987760DC7FF8}.CompilerOnly|Any CPU.ActiveCfg = Release|Any CPU
		{3256039F-7330-4736-9460-987760DC7FF8}.CompilerOnly|Any CPU.Build.0 = Release|Any CPU
		{3256039F-7330-4736-9460-987760DC7FF8}.Debug|Any CPU.ActiveCfg = Debug|Any CPU
		{3256039F-7330-4736-9460-987760DC7FF8}.Debug|Any CPU.Build.0 = Debug|Any CPU
		{3256039F-7330-4736-9460-987760DC7FF8}.NightlyDebug|Any CPU.ActiveCfg = Debug|Any CPU
		{3256039F-7330-4736-9460-987760DC7FF8}.NightlyDebug|Any CPU.Build.0 = Debug|Any CPU
		{3256039F-7330-4736-9460-987760DC7FF8}.NightlyRelease|Any CPU.ActiveCfg = Release|Any CPU
		{3256039F-7330-4736-9460-987760DC7FF8}.NightlyRelease|Any CPU.Build.0 = Release|Any CPU
		{3256039F-7330-4736-9460-987760DC7FF8}.Release|Any CPU.ActiveCfg = Release|Any CPU
		{3256039F-7330-4736-9460-987760DC7FF8}.Release|Any CPU.Build.0 = Release|Any CPU
		{1EC9F287-590F-495E-B293-D49EF00B159F}.CompilerOnly|Any CPU.ActiveCfg = Release|Any CPU
		{1EC9F287-590F-495E-B293-D49EF00B159F}.CompilerOnly|Any CPU.Build.0 = Release|Any CPU
		{1EC9F287-590F-495E-B293-D49EF00B159F}.Debug|Any CPU.ActiveCfg = Debug|Any CPU
		{1EC9F287-590F-495E-B293-D49EF00B159F}.Debug|Any CPU.Build.0 = Debug|Any CPU
		{1EC9F287-590F-495E-B293-D49EF00B159F}.NightlyDebug|Any CPU.ActiveCfg = Debug|Any CPU
		{1EC9F287-590F-495E-B293-D49EF00B159F}.NightlyDebug|Any CPU.Build.0 = Debug|Any CPU
		{1EC9F287-590F-495E-B293-D49EF00B159F}.NightlyRelease|Any CPU.ActiveCfg = Release|Any CPU
		{1EC9F287-590F-495E-B293-D49EF00B159F}.NightlyRelease|Any CPU.Build.0 = Release|Any CPU
		{1EC9F287-590F-495E-B293-D49EF00B159F}.Release|Any CPU.ActiveCfg = Release|Any CPU
		{1EC9F287-590F-495E-B293-D49EF00B159F}.Release|Any CPU.Build.0 = Release|Any CPU
		{FE2F9D70-5FE1-431A-9944-FE9367A544E5}.CompilerOnly|Any CPU.ActiveCfg = Release|Any CPU
		{FE2F9D70-5FE1-431A-9944-FE9367A544E5}.CompilerOnly|Any CPU.Build.0 = Release|Any CPU
		{FE2F9D70-5FE1-431A-9944-FE9367A544E5}.Debug|Any CPU.ActiveCfg = Debug|Any CPU
		{FE2F9D70-5FE1-431A-9944-FE9367A544E5}.Debug|Any CPU.Build.0 = Debug|Any CPU
		{FE2F9D70-5FE1-431A-9944-FE9367A544E5}.NightlyDebug|Any CPU.ActiveCfg = Debug|Any CPU
		{FE2F9D70-5FE1-431A-9944-FE9367A544E5}.NightlyDebug|Any CPU.Build.0 = Debug|Any CPU
		{FE2F9D70-5FE1-431A-9944-FE9367A544E5}.NightlyRelease|Any CPU.ActiveCfg = Release|Any CPU
		{FE2F9D70-5FE1-431A-9944-FE9367A544E5}.NightlyRelease|Any CPU.Build.0 = Release|Any CPU
		{FE2F9D70-5FE1-431A-9944-FE9367A544E5}.Release|Any CPU.ActiveCfg = Release|Any CPU
		{FE2F9D70-5FE1-431A-9944-FE9367A544E5}.Release|Any CPU.Build.0 = Release|Any CPU
		{9EDB8911-588C-4E85-A083-DAF7D7D4C3B5}.CompilerOnly|Any CPU.ActiveCfg = Release|Any CPU
		{9EDB8911-588C-4E85-A083-DAF7D7D4C3B5}.CompilerOnly|Any CPU.Build.0 = Release|Any CPU
		{9EDB8911-588C-4E85-A083-DAF7D7D4C3B5}.Debug|Any CPU.ActiveCfg = Debug|Any CPU
		{9EDB8911-588C-4E85-A083-DAF7D7D4C3B5}.Debug|Any CPU.Build.0 = Debug|Any CPU
		{9EDB8911-588C-4E85-A083-DAF7D7D4C3B5}.NightlyDebug|Any CPU.ActiveCfg = Debug|Any CPU
		{9EDB8911-588C-4E85-A083-DAF7D7D4C3B5}.NightlyDebug|Any CPU.Build.0 = Debug|Any CPU
		{9EDB8911-588C-4E85-A083-DAF7D7D4C3B5}.NightlyRelease|Any CPU.ActiveCfg = Release|Any CPU
		{9EDB8911-588C-4E85-A083-DAF7D7D4C3B5}.NightlyRelease|Any CPU.Build.0 = Release|Any CPU
		{9EDB8911-588C-4E85-A083-DAF7D7D4C3B5}.Release|Any CPU.ActiveCfg = Release|Any CPU
		{9EDB8911-588C-4E85-A083-DAF7D7D4C3B5}.Release|Any CPU.Build.0 = Release|Any CPU
	EndGlobalSection
	GlobalSection(SolutionProperties) = preSolution
		HideSolutionNode = FALSE
	EndGlobalSection
EndGlobal
